
Microsoft Visual Studio Solution File, Format Version 12.00
Project("{FAE04EC0-301F-11D3-BF4B-00C04F79EFBC}") = "Blog.Domain", "Blog.Domain\Blog.Domain.csproj", "{BAD18418-5D4B-4166-A845-31BA469542F2}"
EndProject
Project("{FAE04EC0-301F-11D3-BF4B-00C04F79EFBC}") = "Blog.Infrastructure", "Blog.Infrastructure\Blog.Infrastructure.csproj", "{3BF647F4-3B45-455D-940E-8914818EB4EE}"
EndProject
Project("{FAE04EC0-301F-11D3-BF4B-00C04F79EFBC}") = "Blog.Presentation", "Blog.Presentation\Blog.Presentation.csproj", "{CEC10D86-A869-41EF-A3EF-391B9410E762}"
EndProject
Project("{FAE04EC0-301F-11D3-BF4B-00C04F79EFBC}") = "Blog.Application", "Blog.Application\Blog.Application.csproj", "{3CEC85D9-3A61-46CB-9E07-636DCB13812F}"
EndProject
Project("{FAE04EC0-301F-11D3-BF4B-00C04F79EFBC}") = "Blog.Contracts", "Blog.Contracts\Blog.Contracts.csproj", "{3D815A14-978B-4CEB-84B3-00007A2FC0E9}"
EndProject
Project("{FAE04EC0-301F-11D3-BF4B-00C04F79EFBC}") = "Blog.UnitTests", "Blog.UnitTests\Blog.UnitTests.csproj", "{C0CA7CC3-D8B7-4F4B-B909-B7FF7DB26D65}"
EndProject
Global
	GlobalSection(SolutionConfigurationPlatforms) = preSolution
		Debug|Any CPU = Debug|Any CPU
		Debug|x64 = Debug|x64
		Debug|x86 = Debug|x86
		Release|Any CPU = Release|Any CPU
		Release|x64 = Release|x64
		Release|x86 = Release|x86
	EndGlobalSection
	GlobalSection(ProjectConfigurationPlatforms) = postSolution
		{BAD18418-5D4B-4166-A845-31BA469542F2}.Debug|Any CPU.ActiveCfg = Debug|Any CPU
		{BAD18418-5D4B-4166-A845-31BA469542F2}.Debug|Any CPU.Build.0 = Debug|Any CPU
		{BAD18418-5D4B-4166-A845-31BA469542F2}.Debug|x64.ActiveCfg = Debug|Any CPU
		{BAD18418-5D4B-4166-A845-31BA469542F2}.Debug|x64.Build.0 = Debug|Any CPU
		{BAD18418-5D4B-4166-A845-31BA469542F2}.Debug|x86.ActiveCfg = Debug|Any CPU
		{BAD18418-5D4B-4166-A845-31BA469542F2}.Debug|x86.Build.0 = Debug|Any CPU
		{BAD18418-5D4B-4166-A845-31BA469542F2}.Release|Any CPU.ActiveCfg = Release|Any CPU
		{BAD18418-5D4B-4166-A845-31BA469542F2}.Release|Any CPU.Build.0 = Release|Any CPU
		{BAD18418-5D4B-4166-A845-31BA469542F2}.Release|x64.ActiveCfg = Release|Any CPU
		{BAD18418-5D4B-4166-A845-31BA469542F2}.Release|x64.Build.0 = Release|Any CPU
		{BAD18418-5D4B-4166-A845-31BA469542F2}.Release|x86.ActiveCfg = Release|Any CPU
		{BAD18418-5D4B-4166-A845-31BA469542F2}.Release|x86.Build.0 = Release|Any CPU
		{3BF647F4-3B45-455D-940E-8914818EB4EE}.Debug|Any CPU.ActiveCfg = Debug|Any CPU
		{3BF647F4-3B45-455D-940E-8914818EB4EE}.Debug|Any CPU.Build.0 = Debug|Any CPU
		{3BF647F4-3B45-455D-940E-8914818EB4EE}.Debug|x64.ActiveCfg = Debug|Any CPU
		{3BF647F4-3B45-455D-940E-8914818EB4EE}.Debug|x64.Build.0 = Debug|Any CPU
		{3BF647F4-3B45-455D-940E-8914818EB4EE}.Debug|x86.ActiveCfg = Debug|Any CPU
		{3BF647F4-3B45-455D-940E-8914818EB4EE}.Debug|x86.Build.0 = Debug|Any CPU
		{3BF647F4-3B45-455D-940E-8914818EB4EE}.Release|Any CPU.ActiveCfg = Release|Any CPU
		{3BF647F4-3B45-455D-940E-8914818EB4EE}.Release|Any CPU.Build.0 = Release|Any CPU
		{3BF647F4-3B45-455D-940E-8914818EB4EE}.Release|x64.ActiveCfg = Release|Any CPU
		{3BF647F4-3B45-455D-940E-8914818EB4EE}.Release|x64.Build.0 = Release|Any CPU
		{3BF647F4-3B45-455D-940E-8914818EB4EE}.Release|x86.ActiveCfg = Release|Any CPU
		{3BF647F4-3B45-455D-940E-8914818EB4EE}.Release|x86.Build.0 = Release|Any CPU
		{CEC10D86-A869-41EF-A3EF-391B9410E762}.Debug|Any CPU.ActiveCfg = Debug|Any CPU
		{CEC10D86-A869-41EF-A3EF-391B9410E762}.Debug|Any CPU.Build.0 = Debug|Any CPU
		{CEC10D86-A869-41EF-A3EF-391B9410E762}.Debug|x64.ActiveCfg = Debug|Any CPU
		{CEC10D86-A869-41EF-A3EF-391B9410E762}.Debug|x64.Build.0 = Debug|Any CPU
		{CEC10D86-A869-41EF-A3EF-391B9410E762}.Debug|x86.ActiveCfg = Debug|Any CPU
		{CEC10D86-A869-41EF-A3EF-391B9410E762}.Debug|x86.Build.0 = Debug|Any CPU
		{CEC10D86-A869-41EF-A3EF-391B9410E762}.Release|Any CPU.ActiveCfg = Release|Any CPU
		{CEC10D86-A869-41EF-A3EF-391B9410E762}.Release|Any CPU.Build.0 = Release|Any CPU
		{CEC10D86-A869-41EF-A3EF-391B9410E762}.Release|x64.ActiveCfg = Release|Any CPU
		{CEC10D86-A869-41EF-A3EF-391B9410E762}.Release|x64.Build.0 = Release|Any CPU
		{CEC10D86-A869-41EF-A3EF-391B9410E762}.Release|x86.ActiveCfg = Release|Any CPU
		{CEC10D86-A869-41EF-A3EF-391B9410E762}.Release|x86.Build.0 = Release|Any CPU
		{3CEC85D9-3A61-46CB-9E07-636DCB13812F}.Debug|Any CPU.ActiveCfg = Debug|Any CPU
		{3CEC85D9-3A61-46CB-9E07-636DCB13812F}.Debug|Any CPU.Build.0 = Debug|Any CPU
		{3CEC85D9-3A61-46CB-9E07-636DCB13812F}.Debug|x64.ActiveCfg = Debug|Any CPU
		{3CEC85D9-3A61-46CB-9E07-636DCB13812F}.Debug|x64.Build.0 = Debug|Any CPU
		{3CEC85D9-3A61-46CB-9E07-636DCB13812F}.Debug|x86.ActiveCfg = Debug|Any CPU
		{3CEC85D9-3A61-46CB-9E07-636DCB13812F}.Debug|x86.Build.0 = Debug|Any CPU
		{3CEC85D9-3A61-46CB-9E07-636DCB13812F}.Release|Any CPU.ActiveCfg = Release|Any CPU
		{3CEC85D9-3A61-46CB-9E07-636DCB13812F}.Release|Any CPU.Build.0 = Release|Any CPU
		{3CEC85D9-3A61-46CB-9E07-636DCB13812F}.Release|x64.ActiveCfg = Release|Any CPU
		{3CEC85D9-3A61-46CB-9E07-636DCB13812F}.Release|x64.Build.0 = Release|Any CPU
		{3CEC85D9-3A61-46CB-9E07-636DCB13812F}.Release|x86.ActiveCfg = Release|Any CPU
		{3CEC85D9-3A61-46CB-9E07-636DCB13812F}.Release|x86.Build.0 = Release|Any CPU
		{3D815A14-978B-4CEB-84B3-00007A2FC0E9}.Debug|Any CPU.ActiveCfg = Debug|Any CPU
		{3D815A14-978B-4CEB-84B3-00007A2FC0E9}.Debug|Any CPU.Build.0 = Debug|Any CPU
		{3D815A14-978B-4CEB-84B3-00007A2FC0E9}.Debug|x64.ActiveCfg = Debug|Any CPU
		{3D815A14-978B-4CEB-84B3-00007A2FC0E9}.Debug|x64.Build.0 = Debug|Any CPU
		{3D815A14-978B-4CEB-84B3-00007A2FC0E9}.Debug|x86.ActiveCfg = Debug|Any CPU
		{3D815A14-978B-4CEB-84B3-00007A2FC0E9}.Debug|x86.Build.0 = Debug|Any CPU
		{3D815A14-978B-4CEB-84B3-00007A2FC0E9}.Release|Any CPU.ActiveCfg = Release|Any CPU
		{3D815A14-978B-4CEB-84B3-00007A2FC0E9}.Release|Any CPU.Build.0 = Release|Any CPU
		{3D815A14-978B-4CEB-84B3-00007A2FC0E9}.Release|x64.ActiveCfg = Release|Any CPU
		{3D815A14-978B-4CEB-84B3-00007A2FC0E9}.Release|x64.Build.0 = Release|Any CPU
		{3D815A14-978B-4CEB-84B3-00007A2FC0E9}.Release|x86.ActiveCfg = Release|Any CPU
		{3D815A14-978B-4CEB-84B3-00007A2FC0E9}.Release|x86.Build.0 = Release|Any CPU
		{C0CA7CC3-D8B7-4F4B-B909-B7FF7DB26D65}.Debug|Any CPU.ActiveCfg = Debug|Any CPU
		{C0CA7CC3-D8B7-4F4B-B909-B7FF7DB26D65}.Debug|Any CPU.Build.0 = Debug|Any CPU
		{C0CA7CC3-D8B7-4F4B-B909-B7FF7DB26D65}.Debug|x64.ActiveCfg = Debug|Any CPU
		{C0CA7CC3-D8B7-4F4B-B909-B7FF7DB26D65}.Debug|x64.Build.0 = Debug|Any CPU
		{C0CA7CC3-D8B7-4F4B-B909-B7FF7DB26D65}.Debug|x86.ActiveCfg = Debug|Any CPU
		{C0CA7CC3-D8B7-4F4B-B909-B7FF7DB26D65}.Debug|x86.Build.0 = Debug|Any CPU
		{C0CA7CC3-D8B7-4F4B-B909-B7FF7DB26D65}.Release|Any CPU.ActiveCfg = Release|Any CPU
		{C0CA7CC3-D8B7-4F4B-B909-B7FF7DB26D65}.Release|Any CPU.Build.0 = Release|Any CPU
		{C0CA7CC3-D8B7-4F4B-B909-B7FF7DB26D65}.Release|x64.ActiveCfg = Release|Any CPU
		{C0CA7CC3-D8B7-4F4B-B909-B7FF7DB26D65}.Release|x64.Build.0 = Release|Any CPU
		{C0CA7CC3-D8B7-4F4B-B909-B7FF7DB26D65}.Release|x86.ActiveCfg = Release|Any CPU
		{C0CA7CC3-D8B7-4F4B-B909-B7FF7DB26D65}.Release|x86.Build.0 = Release|Any CPU
	EndGlobalSection
	GlobalSection(SolutionProperties) = preSolution
		HideSolutionNode = FALSE
	EndGlobalSection
EndGlobal
